
Microsoft Visual Studio Solution File, Format Version 12.00
# Visual Studio 14
VisualStudioVersion = 14.0.25123.0
MinimumVisualStudioVersion = 10.0.40219.1
Project("{F184B08F-C81C-45F6-A57F-5ABD9991F28F}") = "Novelty", "Novelty\Novelty.vbproj", "{AB67A8DE-93E9-4361-96D9-CB52295D17CD}"
EndProject
Global
	GlobalSection(SolutionConfigurationPlatforms) = preSolution
		Debug|Any CPU = Debug|Any CPU
		Release|Any CPU = Release|Any CPU
	EndGlobalSection
	GlobalSection(ProjectConfigurationPlatforms) = postSolution
		{AB67A8DE-93E9-4361-96D9-CB52295D17CD}.Debug|Any CPU.ActiveCfg = Debug|Any CPU
		{AB67A8DE-93E9-4361-96D9-CB52295D17CD}.Debug|Any CPU.Build.0 = Debug|Any CPU
		{AB67A8DE-93E9-4361-96D9-CB52295D17CD}.Release|Any CPU.ActiveCfg = Release|Any CPU
		{AB67A8DE-93E9-4361-96D9-CB52295D17CD}.Release|Any CPU.Build.0 = Release|Any CPU
	EndGlobalSection
	GlobalSection(SolutionProperties) = preSolution
		HideSolutionNode = FALSE
	EndGlobalSection
EndGlobal
